// !$*UTF8*$!
{
	archiveVersion = 1;
	classes = {
	};
	objectVersion = 46;
	objects = {

/* Begin PBXBuildFile section */
		5B6BEB1819689CD1001C53A8 /* Foundation.framework in Frameworks */ = {isa = PBXBuildFile; fileRef = 5B6BEB1719689CD1001C53A8 /* Foundation.framework */; };
		5B6BEB1A19689CD1001C53A8 /* CoreGraphics.framework in Frameworks */ = {isa = PBXBuildFile; fileRef = 5B6BEB1919689CD1001C53A8 /* CoreGraphics.framework */; };
		5B6BEB1C19689CD1001C53A8 /* UIKit.framework in Frameworks */ = {isa = PBXBuildFile; fileRef = 5B6BEB1B19689CD1001C53A8 /* UIKit.framework */; };
		5B6BEB2219689CD1001C53A8 /* InfoPlist.strings in Resources */ = {isa = PBXBuildFile; fileRef = 5B6BEB2019689CD1001C53A8 /* InfoPlist.strings */; };
		5B6BEB2419689CD1001C53A8 /* main.m in Sources */ = {isa = PBXBuildFile; fileRef = 5B6BEB2319689CD1001C53A8 /* main.m */; };
		5B6BEB2819689CD1001C53A8 /* AppDelegate.m in Sources */ = {isa = PBXBuildFile; fileRef = 5B6BEB2719689CD1001C53A8 /* AppDelegate.m */; };
		5B6BEB2B19689CD1001C53A8 /* Main.storyboard in Resources */ = {isa = PBXBuildFile; fileRef = 5B6BEB2919689CD1001C53A8 /* Main.storyboard */; };
		5B6BEB2E19689CD1001C53A8 /* ViewController.m in Sources */ = {isa = PBXBuildFile; fileRef = 5B6BEB2D19689CD1001C53A8 /* ViewController.m */; };
		5B6BEB3019689CD1001C53A8 /* Images.xcassets in Resources */ = {isa = PBXBuildFile; fileRef = 5B6BEB2F19689CD1001C53A8 /* Images.xcassets */; };
		5B6BEB3719689CD1001C53A8 /* XCTest.framework in Frameworks */ = {isa = PBXBuildFile; fileRef = 5B6BEB3619689CD1001C53A8 /* XCTest.framework */; };
		5B6BEB3819689CD1001C53A8 /* Foundation.framework in Frameworks */ = {isa = PBXBuildFile; fileRef = 5B6BEB1719689CD1001C53A8 /* Foundation.framework */; };
		5B6BEB3919689CD1001C53A8 /* UIKit.framework in Frameworks */ = {isa = PBXBuildFile; fileRef = 5B6BEB1B19689CD1001C53A8 /* UIKit.framework */; };
		5B6BEB4119689CD1001C53A8 /* InfoPlist.strings in Resources */ = {isa = PBXBuildFile; fileRef = 5B6BEB3F19689CD1001C53A8 /* InfoPlist.strings */; };
		5B6BEB4319689CD1001C53A8 /* moneyManagerTests.m in Sources */ = {isa = PBXBuildFile; fileRef = 5B6BEB4219689CD1001C53A8 /* moneyManagerTests.m */; };
/* End PBXBuildFile section */

/* Begin PBXContainerItemProxy section */
		5B6BEB3A19689CD1001C53A8 /* PBXContainerItemProxy */ = {
			isa = PBXContainerItemProxy;
			containerPortal = 5B6BEB0C19689CD0001C53A8 /* Project object */;
			proxyType = 1;
			remoteGlobalIDString = 5B6BEB1319689CD1001C53A8;
			remoteInfo = moneyManager;
		};
/* End PBXContainerItemProxy section */

/* Begin PBXFileReference section */
		5B6BEB1419689CD1001C53A8 /* moneyManager.app */ = {isa = PBXFileReference; explicitFileType = wrapper.application; includeInIndex = 0; path = moneyManager.app; sourceTree = BUILT_PRODUCTS_DIR; };
		5B6BEB1719689CD1001C53A8 /* Foundation.framework */ = {isa = PBXFileReference; lastKnownFileType = wrapper.framework; name = Foundation.framework; path = System/Library/Frameworks/Foundation.framework; sourceTree = SDKROOT; };
		5B6BEB1919689CD1001C53A8 /* CoreGraphics.framework */ = {isa = PBXFileReference; lastKnownFileType = wrapper.framework; name = CoreGraphics.framework; path = System/Library/Frameworks/CoreGraphics.framework; sourceTree = SDKROOT; };
		5B6BEB1B19689CD1001C53A8 /* UIKit.framework */ = {isa = PBXFileReference; lastKnownFileType = wrapper.framework; name = UIKit.framework; path = System/Library/Frameworks/UIKit.framework; sourceTree = SDKROOT; };
		5B6BEB1F19689CD1001C53A8 /* moneyManager-Info.plist */ = {isa = PBXFileReference; lastKnownFileType = text.plist.xml; path = "moneyManager-Info.plist"; sourceTree = "<group>"; };
		5B6BEB2119689CD1001C53A8 /* en */ = {isa = PBXFileReference; lastKnownFileType = text.plist.strings; name = en; path = en.lproj/InfoPlist.strings; sourceTree = "<group>"; };
		5B6BEB2319689CD1001C53A8 /* main.m */ = {isa = PBXFileReference; lastKnownFileType = sourcecode.c.objc; path = main.m; sourceTree = "<group>"; };
		5B6BEB2519689CD1001C53A8 /* moneyManager-Prefix.pch */ = {isa = PBXFileReference; lastKnownFileType = sourcecode.c.h; path = "moneyManager-Prefix.pch"; sourceTree = "<group>"; };
		5B6BEB2619689CD1001C53A8 /* AppDelegate.h */ = {isa = PBXFileReference; lastKnownFileType = sourcecode.c.h; path = AppDelegate.h; sourceTree = "<group>"; };
		5B6BEB2719689CD1001C53A8 /* AppDelegate.m */ = {isa = PBXFileReference; lastKnownFileType = sourcecode.c.objc; path = AppDelegate.m; sourceTree = "<group>"; };
		5B6BEB2A19689CD1001C53A8 /* Base */ = {isa = PBXFileReference; lastKnownFileType = file.storyboard; name = Base; path = Base.lproj/Main.storyboard; sourceTree = "<group>"; };
		5B6BEB2C19689CD1001C53A8 /* ViewController.h */ = {isa = PBXFileReference; lastKnownFileType = sourcecode.c.h; path = ViewController.h; sourceTree = "<group>"; };
		5B6BEB2D19689CD1001C53A8 /* ViewController.m */ = {isa = PBXFileReference; lastKnownFileType = sourcecode.c.objc; path = ViewController.m; sourceTree = "<group>"; };
		5B6BEB2F19689CD1001C53A8 /* Images.xcassets */ = {isa = PBXFileReference; lastKnownFileType = folder.assetcatalog; path = Images.xcassets; sourceTree = "<group>"; };
		5B6BEB3519689CD1001C53A8 /* moneyManagerTests.xctest */ = {isa = PBXFileReference; explicitFileType = wrapper.cfbundle; includeInIndex = 0; path = moneyManagerTests.xctest; sourceTree = BUILT_PRODUCTS_DIR; };
		5B6BEB3619689CD1001C53A8 /* XCTest.framework */ = {isa = PBXFileReference; lastKnownFileType = wrapper.framework; name = XCTest.framework; path = Library/Frameworks/XCTest.framework; sourceTree = DEVELOPER_DIR; };
		5B6BEB3E19689CD1001C53A8 /* moneyManagerTests-Info.plist */ = {isa = PBXFileReference; lastKnownFileType = text.plist.xml; path = "moneyManagerTests-Info.plist"; sourceTree = "<group>"; };
		5B6BEB4019689CD1001C53A8 /* en */ = {isa = PBXFileReference; lastKnownFileType = text.plist.strings; name = en; path = en.lproj/InfoPlist.strings; sourceTree = "<group>"; };
		5B6BEB4219689CD1001C53A8 /* moneyManagerTests.m */ = {isa = PBXFileReference; lastKnownFileType = sourcecode.c.objc; path = moneyManagerTests.m; sourceTree = "<group>"; };
/* End PBXFileReference section */

/* Begin PBXFrameworksBuildPhase section */
		5B6BEB1119689CD1001C53A8 /* Frameworks */ = {
			isa = PBXFrameworksBuildPhase;
			buildActionMask = 2147483647;
			files = (
				5B6BEB1A19689CD1001C53A8 /* CoreGraphics.framework in Frameworks */,
				5B6BEB1C19689CD1001C53A8 /* UIKit.framework in Frameworks */,
				5B6BEB1819689CD1001C53A8 /* Foundation.framework in Frameworks */,
			);
			runOnlyForDeploymentPostprocessing = 0;
		};
		5B6BEB3219689CD1001C53A8 /* Frameworks */ = {
			isa = PBXFrameworksBuildPhase;
			buildActionMask = 2147483647;
			files = (
				5B6BEB3719689CD1001C53A8 /* XCTest.framework in Frameworks */,
				5B6BEB3919689CD1001C53A8 /* UIKit.framework in Frameworks */,
				5B6BEB3819689CD1001C53A8 /* Foundation.framework in Frameworks */,
			);
			runOnlyForDeploymentPostprocessing = 0;
		};
/* End PBXFrameworksBuildPhase section */

/* Begin PBXGroup section */
		5B6BEB0B19689CD0001C53A8 = {
			isa = PBXGroup;
			children = (
				5B6BEB1D19689CD1001C53A8 /* moneyManager */,
				5B6BEB3C19689CD1001C53A8 /* moneyManagerTests */,
				5B6BEB1619689CD1001C53A8 /* Frameworks */,
				5B6BEB1519689CD1001C53A8 /* Products */,
			);
			sourceTree = "<group>";
		};
		5B6BEB1519689CD1001C53A8 /* Products */ = {
			isa = PBXGroup;
			children = (
				5B6BEB1419689CD1001C53A8 /* moneyManager.app */,
				5B6BEB3519689CD1001C53A8 /* moneyManagerTests.xctest */,
			);
			name = Products;
			sourceTree = "<group>";
		};
		5B6BEB1619689CD1001C53A8 /* Frameworks */ = {
			isa = PBXGroup;
			children = (
				5B6BEB1719689CD1001C53A8 /* Foundation.framework */,
				5B6BEB1919689CD1001C53A8 /* CoreGraphics.framework */,
				5B6BEB1B19689CD1001C53A8 /* UIKit.framework */,
				5B6BEB3619689CD1001C53A8 /* XCTest.framework */,
			);
			name = Frameworks;
			sourceTree = "<group>";
		};
		5B6BEB1D19689CD1001C53A8 /* moneyManager */ = {
			isa = PBXGroup;
			children = (
				5B6BEB2619689CD1001C53A8 /* AppDelegate.h */,
				5B6BEB2719689CD1001C53A8 /* AppDelegate.m */,
				5B6BEB2919689CD1001C53A8 /* Main.storyboard */,
				5B6BEB2C19689CD1001C53A8 /* ViewController.h */,
				5B6BEB2D19689CD1001C53A8 /* ViewController.m */,
				5B6BEB2F19689CD1001C53A8 /* Images.xcassets */,
				5B6BEB1E19689CD1001C53A8 /* Supporting Files */,
			);
			path = moneyManager;
			sourceTree = "<group>";
		};
		5B6BEB1E19689CD1001C53A8 /* Supporting Files */ = {
			isa = PBXGroup;
			children = (
				5B6BEB1F19689CD1001C53A8 /* moneyManager-Info.plist */,
				5B6BEB2019689CD1001C53A8 /* InfoPlist.strings */,
				5B6BEB2319689CD1001C53A8 /* main.m */,
				5B6BEB2519689CD1001C53A8 /* moneyManager-Prefix.pch */,
			);
			name = "Supporting Files";
			sourceTree = "<group>";
		};
		5B6BEB3C19689CD1001C53A8 /* moneyManagerTests */ = {
			isa = PBXGroup;
			children = (
				5B6BEB4219689CD1001C53A8 /* moneyManagerTests.m */,
				5B6BEB3D19689CD1001C53A8 /* Supporting Files */,
			);
			path = moneyManagerTests;
			sourceTree = "<group>";
		};
		5B6BEB3D19689CD1001C53A8 /* Supporting Files */ = {
			isa = PBXGroup;
			children = (
				5B6BEB3E19689CD1001C53A8 /* moneyManagerTests-Info.plist */,
				5B6BEB3F19689CD1001C53A8 /* InfoPlist.strings */,
			);
			name = "Supporting Files";
			sourceTree = "<group>";
		};
/* End PBXGroup section */

/* Begin PBXNativeTarget section */
		5B6BEB1319689CD1001C53A8 /* moneyManager */ = {
			isa = PBXNativeTarget;
			buildConfigurationList = 5B6BEB4619689CD1001C53A8 /* Build configuration list for PBXNativeTarget "moneyManager" */;
			buildPhases = (
				5B6BEB1019689CD1001C53A8 /* Sources */,
				5B6BEB1119689CD1001C53A8 /* Frameworks */,
				5B6BEB1219689CD1001C53A8 /* Resources */,
			);
			buildRules = (
			);
			dependencies = (
			);
			name = moneyManager;
			productName = moneyManager;
			productReference = 5B6BEB1419689CD1001C53A8 /* moneyManager.app */;
			productType = "com.apple.product-type.application";
		};
		5B6BEB3419689CD1001C53A8 /* moneyManagerTests */ = {
			isa = PBXNativeTarget;
			buildConfigurationList = 5B6BEB4919689CD1001C53A8 /* Build configuration list for PBXNativeTarget "moneyManagerTests" */;
			buildPhases = (
				5B6BEB3119689CD1001C53A8 /* Sources */,
				5B6BEB3219689CD1001C53A8 /* Frameworks */,
				5B6BEB3319689CD1001C53A8 /* Resources */,
			);
			buildRules = (
			);
			dependencies = (
				5B6BEB3B19689CD1001C53A8 /* PBXTargetDependency */,
			);
			name = moneyManagerTests;
			productName = moneyManagerTests;
			productReference = 5B6BEB3519689CD1001C53A8 /* moneyManagerTests.xctest */;
			productType = "com.apple.product-type.bundle.unit-test";
		};
/* End PBXNativeTarget section */

/* Begin PBXProject section */
		5B6BEB0C19689CD0001C53A8 /* Project object */ = {
			isa = PBXProject;
			attributes = {
				LastUpgradeCheck = 0510;
				ORGANIZATIONNAME = zjut;
				TargetAttributes = {
					5B6BEB3419689CD1001C53A8 = {
						TestTargetID = 5B6BEB1319689CD1001C53A8;
					};
				};
			};
			buildConfigurationList = 5B6BEB0F19689CD0001C53A8 /* Build configuration list for PBXProject "moneyManager" */;
			compatibilityVersion = "Xcode 3.2";
			developmentRegion = English;
			hasScannedForEncodings = 0;
			knownRegions = (
				en,
				Base,
			);
			mainGroup = 5B6BEB0B19689CD0001C53A8;
			productRefGroup = 5B6BEB1519689CD1001C53A8 /* Products */;
			projectDirPath = "";
			projectRoot = "";
			targets = (
				5B6BEB1319689CD1001C53A8 /* moneyManager */,
				5B6BEB3419689CD1001C53A8 /* moneyManagerTests */,
			);
		};
/* End PBXProject section */

/* Begin PBXResourcesBuildPhase section */
		5B6BEB1219689CD1001C53A8 /* Resources */ = {
			isa = PBXResourcesBuildPhase;
			buildActionMask = 2147483647;
			files = (
				5B6BEB3019689CD1001C53A8 /* Images.xcassets in Resources */,
				5B6BEB2219689CD1001C53A8 /* InfoPlist.strings in Resources */,
				5B6BEB2B19689CD1001C53A8 /* Main.storyboard in Resources */,
			);
			runOnlyForDeploymentPostprocessing = 0;
		};
		5B6BEB3319689CD1001C53A8 /* Resources */ = {
			isa = PBXResourcesBuildPhase;
			buildActionMask = 2147483647;
			files = (
				5B6BEB4119689CD1001C53A8 /* InfoPlist.strings in Resources */,
			);
			runOnlyForDeploymentPostprocessing = 0;
		};
/* End PBXResourcesBuildPhase section */

/* Begin PBXSourcesBuildPhase section */
		5B6BEB1019689CD1001C53A8 /* Sources */ = {
			isa = PBXSourcesBuildPhase;
			buildActionMask = 2147483647;
			files = (
				5B6BEB2E19689CD1001C53A8 /* ViewController.m in Sources */,
				5B6BEB2819689CD1001C53A8 /* AppDelegate.m in Sources */,
				5B6BEB2419689CD1001C53A8 /* main.m in Sources */,
			);
			runOnlyForDeploymentPostprocessing = 0;
		};
		5B6BEB3119689CD1001C53A8 /* Sources */ = {
			isa = PBXSourcesBuildPhase;
			buildActionMask = 2147483647;
			files = (
				5B6BEB4319689CD1001C53A8 /* moneyManagerTests.m in Sources */,
			);
			runOnlyForDeploymentPostprocessing = 0;
		};
/* End PBXSourcesBuildPhase section */

/* Begin PBXTargetDependency section */
		5B6BEB3B19689CD1001C53A8 /* PBXTargetDependency */ = {
			isa = PBXTargetDependency;
			target = 5B6BEB1319689CD1001C53A8 /* moneyManager */;
			targetProxy = 5B6BEB3A19689CD1001C53A8 /* PBXContainerItemProxy */;
		};
/* End PBXTargetDependency section */

/* Begin PBXVariantGroup section */
		5B6BEB2019689CD1001C53A8 /* InfoPlist.strings */ = {
			isa = PBXVariantGroup;
			children = (
				5B6BEB2119689CD1001C53A8 /* en */,
			);
			name = InfoPlist.strings;
			sourceTree = "<group>";
		};
		5B6BEB2919689CD1001C53A8 /* Main.storyboard */ = {
			isa = PBXVariantGroup;
			children = (
				5B6BEB2A19689CD1001C53A8 /* Base */,
			);
			name = Main.storyboard;
			sourceTree = "<group>";
		};
		5B6BEB3F19689CD1001C53A8 /* InfoPlist.strings */ = {
			isa = PBXVariantGroup;
			children = (
				5B6BEB4019689CD1001C53A8 /* en */,
			);
			name = InfoPlist.strings;
			sourceTree = "<group>";
		};
/* End PBXVariantGroup section */

/* Begin XCBuildConfiguration section */
		5B6BEB4419689CD1001C53A8 /* Debug */ = {
			isa = XCBuildConfiguration;
			buildSettings = {
				ALWAYS_SEARCH_USER_PATHS = NO;
				CLANG_CXX_LANGUAGE_STANDARD = "gnu++0x";
				CLANG_CXX_LIBRARY = "libc++";
				CLANG_ENABLE_MODULES = YES;
				CLANG_ENABLE_OBJC_ARC = YES;
				CLANG_WARN_BOOL_CONVERSION = YES;
				CLANG_WARN_CONSTANT_CONVERSION = YES;
				CLANG_WARN_DIRECT_OBJC_ISA_USAGE = YES_ERROR;
				CLANG_WARN_EMPTY_BODY = YES;
				CLANG_WARN_ENUM_CONVERSION = YES;
				CLANG_WARN_INT_CONVERSION = YES;
				CLANG_WARN_OBJC_ROOT_CLASS = YES_ERROR;
				CLANG_WARN__DUPLICATE_METHOD_MATCH = YES;
				"CODE_SIGN_IDENTITY[sdk=iphoneos*]" = "iPhone Developer";
				COPY_PHASE_STRIP = NO;
				GCC_C_LANGUAGE_STANDARD = gnu99;
				GCC_DYNAMIC_NO_PIC = NO;
				GCC_OPTIMIZATION_LEVEL = 0;
				GCC_PREPROCESSOR_DEFINITIONS = (
					"DEBUG=1",
					"$(inherited)",
				);
				GCC_SYMBOLS_PRIVATE_EXTERN = NO;
				GCC_WARN_64_TO_32_BIT_CONVERSION = YES;
				GCC_WARN_ABOUT_RETURN_TYPE = YES_ERROR;
				GCC_WARN_UNDECLARED_SELECTOR = YES;
				GCC_WARN_UNINITIALIZED_AUTOS = YES_AGGRESSIVE;
				GCC_WARN_UNUSED_FUNCTION = YES;
				GCC_WARN_UNUSED_VARIABLE = YES;
				IPHONEOS_DEPLOYMENT_TARGET = 7.1;
				ONLY_ACTIVE_ARCH = YES;
				SDKROOT = iphoneos;
			};
			name = Debug;
		};
		5B6BEB4519689CD1001C53A8 /* Release */ = {
			isa = XCBuildConfiguration;
			buildSettings = {
				ALWAYS_SEARCH_USER_PATHS = NO;
				CLANG_CXX_LANGUAGE_STANDARD = "gnu++0x";
				CLANG_CXX_LIBRARY = "libc++";
				CLANG_ENABLE_MODULES = YES;
				CLANG_ENABLE_OBJC_ARC = YES;
				CLANG_WARN_BOOL_CONVERSION = YES;
				CLANG_WARN_CONSTANT_CONVERSION = YES;
				CLANG_WARN_DIRECT_OBJC_ISA_USAGE = YES_ERROR;
				CLANG_WARN_EMPTY_BODY = YES;
				CLANG_WARN_ENUM_CONVERSION = YES;
				CLANG_WARN_INT_CONVERSION = YES;
				CLANG_WARN_OBJC_ROOT_CLASS = YES_ERROR;
				CLANG_WARN__DUPLICATE_METHOD_MATCH = YES;
				"CODE_SIGN_IDENTITY[sdk=iphoneos*]" = "iPhone Developer";
				COPY_PHASE_STRIP = YES;
				ENABLE_NS_ASSERTIONS = NO;
				GCC_C_LANGUAGE_STANDARD = gnu99;
				GCC_WARN_64_TO_32_BIT_CONVERSION = YES;
				GCC_WARN_ABOUT_RETURN_TYPE = YES_ERROR;
				GCC_WARN_UNDECLARED_SELECTOR = YES;
				GCC_WARN_UNINITIALIZED_AUTOS = YES_AGGRESSIVE;
				GCC_WARN_UNUSED_FUNCTION = YES;
				GCC_WARN_UNUSED_VARIABLE = YES;
				IPHONEOS_DEPLOYMENT_TARGET = 7.1;
				SDKROOT = iphoneos;
				VALIDATE_PRODUCT = YES;
			};
			name = Release;
		};
		5B6BEB4719689CD1001C53A8 /* Debug */ = {
			isa = XCBuildConfiguration;
			buildSettings = {
				ASSETCATALOG_COMPILER_APPICON_NAME = AppIcon;
				ASSETCATALOG_COMPILER_LAUNCHIMAGE_NAME = LaunchImage;
				GCC_PRECOMPILE_PREFIX_HEADER = YES;
				GCC_PREFIX_HEADER = "moneyManager/moneyManager-Prefix.pch";
				INFOPLIST_FILE = "moneyManager/moneyManager-Info.plist";
				PRODUCT_NAME = "$(TARGET_NAME)";
				WRAPPER_EXTENSION = app;
			};
			name = Debug;
		};
		5B6BEB4819689CD1001C53A8 /* Release */ = {
			isa = XCBuildConfiguration;
			buildSettings = {
				ASSETCATALOG_COMPILER_APPICON_NAME = AppIcon;
				ASSETCATALOG_COMPILER_LAUNCHIMAGE_NAME = LaunchImage;
				GCC_PRECOMPILE_PREFIX_HEADER = YES;
				GCC_PREFIX_HEADER = "moneyManager/moneyManager-Prefix.pch";
				INFOPLIST_FILE = "moneyManager/moneyManager-Info.plist";
				PRODUCT_NAME = "$(TARGET_NAME)";
				WRAPPER_EXTENSION = app;
			};
			name = Release;
		};
		5B6BEB4A19689CD1001C53A8 /* Debug */ = {
			isa = XCBuildConfiguration;
			buildSettings = {
				BUNDLE_LOADER = "$(BUILT_PRODUCTS_DIR)/moneyManager.app/moneyManager";
				FRAMEWORK_SEARCH_PATHS = (
					"$(SDKROOT)/Developer/Library/Frameworks",
					"$(inherited)",
					"$(DEVELOPER_FRAMEWORKS_DIR)",
				);
				GCC_PRECOMPILE_PREFIX_HEADER = YES;
				GCC_PREFIX_HEADER = "moneyManager/moneyManager-Prefix.pch";
				GCC_PREPROCESSOR_DEFINITIONS = (
					"DEBUG=1",
					"$(inherited)",
				);
				INFOPLIST_FILE = "moneyManagerTests/moneyManagerTests-Info.plist";
				PRODUCT_NAME = "$(TARGET_NAME)";
				TEST_HOST = "$(BUNDLE_LOADER)";
				WRAPPER_EXTENSION = xctest;
			};
			name = Debug;
		};
		5B6BEB4B19689CD1001C53A8 /* Release */ = {
			isa = XCBuildConfiguration;
			buildSettings = {
				BUNDLE_LOADER = "$(BUILT_PRODUCTS_DIR)/moneyManager.app/moneyManager";
				FRAMEWORK_SEARCH_PATHS = (
					"$(SDKROOT)/Developer/Library/Frameworks",
					"$(inherited)",
					"$(DEVELOPER_FRAMEWORKS_DIR)",
				);
				GCC_PRECOMPILE_PREFIX_HEADER = YES;
				GCC_PREFIX_HEADER = "moneyManager/moneyManager-Prefix.pch";
				INFOPLIST_FILE = "moneyManagerTests/moneyManagerTests-Info.plist";
				PRODUCT_NAME = "$(TARGET_NAME)";
				TEST_HOST = "$(BUNDLE_LOADER)";
				WRAPPER_EXTENSION = xctest;
			};
			name = Release;
		};
/* End XCBuildConfiguration section */

/* Begin XCConfigurationList section */
		5B6BEB0F19689CD0001C53A8 /* Build configuration list for PBXProject "moneyManager" */ = {
			isa = XCConfigurationList;
			buildConfigurations = (
				5B6BEB4419689CD1001C53A8 /* Debug */,
				5B6BEB4519689CD1001C53A8 /* Release */,
			);
			defaultConfigurationIsVisible = 0;
			defaultConfigurationName = Release;
		};
		5B6BEB4619689CD1001C53A8 /* Build configuration list for PBXNativeTarget "moneyManager" */ = {
			isa = XCConfigurationList;
			buildConfigurations = (
				5B6BEB4719689CD1001C53A8 /* Debug */,
				5B6BEB4819689CD1001C53A8 /* Release */,
			);
			defaultConfigurationIsVisible = 0;
		};
		5B6BEB4919689CD1001C53A8 /* Build configuration list for PBXNativeTarget "moneyManagerTests" */ = {
			isa = XCConfigurationList;
			buildConfigurations = (
				5B6BEB4A19689CD1001C53A8 /* Debug */,
				5B6BEB4B19689CD1001C53A8 /* Release */,
			);
			defaultConfigurationIsVisible = 0;
		};
/* End XCConfigurationList section */
	};
	rootObject = 5B6BEB0C19689CD0001C53A8 /* Project object */;
}
